
Microsoft Visual Studio Solution File, Format Version 12.00
# Visual Studio Version 16
VisualStudioVersion = 16.0.30420.98
MinimumVisualStudioVersion = 10.0.40219.1
Project("{FAE04EC0-301F-11D3-BF4B-00C04F79EFBC}") = "BSEventsSystem", "BSEventsSystem\BSEventsSystem.csproj", "{FEA85863-84C0-4AAB-9B9E-4FA49D2496FF}"
EndProject
Project("{FAE04EC0-301F-11D3-BF4B-00C04F79EFBC}") = "_EventSystemTest", "_EventSystemTest\_EventSystemTest.csproj", "{E33E2074-3AB4-47E6-9B35-BF13180FE4FE}"
EndProject
Global
	GlobalSection(SolutionConfigurationPlatforms) = preSolution
		Debug|Any CPU = Debug|Any CPU
		Release|Any CPU = Release|Any CPU
	EndGlobalSection
	GlobalSection(ProjectConfigurationPlatforms) = postSolution
		{FEA85863-84C0-4AAB-9B9E-4FA49D2496FF}.Debug|Any CPU.ActiveCfg = Debug|Any CPU
		{FEA85863-84C0-4AAB-9B9E-4FA49D2496FF}.Debug|Any CPU.Build.0 = Debug|Any CPU
		{FEA85863-84C0-4AAB-9B9E-4FA49D2496FF}.Release|Any CPU.ActiveCfg = Release|Any CPU
		{FEA85863-84C0-4AAB-9B9E-4FA49D2496FF}.Release|Any CPU.Build.0 = Release|Any CPU
		{E33E2074-3AB4-47E6-9B35-BF13180FE4FE}.Debug|Any CPU.ActiveCfg = Debug|Any CPU
		{E33E2074-3AB4-47E6-9B35-BF13180FE4FE}.Debug|Any CPU.Build.0 = Debug|Any CPU
		{E33E2074-3AB4-47E6-9B35-BF13180FE4FE}.Release|Any CPU.ActiveCfg = Release|Any CPU
		{E33E2074-3AB4-47E6-9B35-BF13180FE4FE}.Release|Any CPU.Build.0 = Release|Any CPU
	EndGlobalSection
	GlobalSection(SolutionProperties) = preSolution
		HideSolutionNode = FALSE
	EndGlobalSection
	GlobalSection(ExtensibilityGlobals) = postSolution
		SolutionGuid = {940A472C-8CAD-4D61-959C-35D25727A302}
	EndGlobalSection
EndGlobal
